
Microsoft Visual Studio Solution File, Format Version 12.00
# Visual Studio Version 17
VisualStudioVersion = 17.14.37027.9 d17.14
MinimumVisualStudioVersion = 10.0.40219.1
Project("{FAE04EC0-301F-11D3-BF4B-00C04F79EFBC}") = "PR7.2_ScytaleCipher", "PR7.2_ScytaleCipher.csproj", "{A646682A-C3E0-4FE0-A939-C20177DB2EE8}"
EndProject
Project("{FAE04EC0-301F-11D3-BF4B-00C04F79EFBC}") = "UnitTest", "..\UnitTest\UnitTest.csproj", "{A5D83FC7-459C-44CD-94BD-D1386926A928}"
EndProject
Global
	GlobalSection(SolutionConfigurationPlatforms) = preSolution
		Debug|Any CPU = Debug|Any CPU
		Release|Any CPU = Release|Any CPU
	EndGlobalSection
	GlobalSection(ProjectConfigurationPlatforms) = postSolution
		{A646682A-C3E0-4FE0-A939-C20177DB2EE8}.Debug|Any CPU.ActiveCfg = Debug|Any CPU
		{A646682A-C3E0-4FE0-A939-C20177DB2EE8}.Debug|Any CPU.Build.0 = Debug|Any CPU
		{A646682A-C3E0-4FE0-A939-C20177DB2EE8}.Release|Any CPU.ActiveCfg = Release|Any CPU
		{A646682A-C3E0-4FE0-A939-C20177DB2EE8}.Release|Any CPU.Build.0 = Release|Any CPU
		{A5D83FC7-459C-44CD-94BD-D1386926A928}.Debug|Any CPU.ActiveCfg = Debug|Any CPU
		{A5D83FC7-459C-44CD-94BD-D1386926A928}.Debug|Any CPU.Build.0 = Debug|Any CPU
		{A5D83FC7-459C-44CD-94BD-D1386926A928}.Release|Any CPU.ActiveCfg = Release|Any CPU
		{A5D83FC7-459C-44CD-94BD-D1386926A928}.Release|Any CPU.Build.0 = Release|Any CPU
	EndGlobalSection
	GlobalSection(SolutionProperties) = preSolution
		HideSolutionNode = FALSE
	EndGlobalSection
	GlobalSection(ExtensibilityGlobals) = postSolution
		SolutionGuid = {DFC0C4A2-B084-4928-9037-3474AF0EEDF4}
	EndGlobalSection
EndGlobal
